
Microsoft Visual Studio Solution File, Format Version 11.00
# Visual Studio 2010
Project("{FAE04EC0-301F-11D3-BF4B-00C04F79EFBC}") = "MegamanFiap", "Assembly-CSharp-firstpass.csproj", "{79651073-3746-AD9C-A3B4-61A426BEF712}"
EndProject
Project("{FAE04EC0-301F-11D3-BF4B-00C04F79EFBC}") = "MegamanFiap", "Assembly-CSharp.csproj", "{67D005AD-21CF-531D-81A6-A1390B01CA59}"
EndProject
Project("{FAE04EC0-301F-11D3-BF4B-00C04F79EFBC}") = "MegamanFiap", "Assembly-CSharp-Editor-firstpass.csproj", "{4BD81EED-3E93-C429-68BD-F3D223EB1F6B}"
EndProject
Global
	GlobalSection(SolutionConfigurationPlatforms) = preSolution
		Debug|Any CPU = Debug|Any CPU
		Release|Any CPU = Release|Any CPU
	EndGlobalSection
	GlobalSection(ProjectConfigurationPlatforms) = postSolution
		{79651073-3746-AD9C-A3B4-61A426BEF712}.Debug|Any CPU.ActiveCfg = Debug|Any CPU
		{79651073-3746-AD9C-A3B4-61A426BEF712}.Debug|Any CPU.Build.0 = Debug|Any CPU
		{79651073-3746-AD9C-A3B4-61A426BEF712}.Release|Any CPU.ActiveCfg = Release|Any CPU
		{79651073-3746-AD9C-A3B4-61A426BEF712}.Release|Any CPU.Build.0 = Release|Any CPU
		{67D005AD-21CF-531D-81A6-A1390B01CA59}.Debug|Any CPU.ActiveCfg = Debug|Any CPU
		{67D005AD-21CF-531D-81A6-A1390B01CA59}.Debug|Any CPU.Build.0 = Debug|Any CPU
		{67D005AD-21CF-531D-81A6-A1390B01CA59}.Release|Any CPU.ActiveCfg = Release|Any CPU
		{67D005AD-21CF-531D-81A6-A1390B01CA59}.Release|Any CPU.Build.0 = Release|Any CPU
		{4BD81EED-3E93-C429-68BD-F3D223EB1F6B}.Debug|Any CPU.ActiveCfg = Debug|Any CPU
		{4BD81EED-3E93-C429-68BD-F3D223EB1F6B}.Debug|Any CPU.Build.0 = Debug|Any CPU
		{4BD81EED-3E93-C429-68BD-F3D223EB1F6B}.Release|Any CPU.ActiveCfg = Release|Any CPU
		{4BD81EED-3E93-C429-68BD-F3D223EB1F6B}.Release|Any CPU.Build.0 = Release|Any CPU
	EndGlobalSection
	GlobalSection(SolutionProperties) = preSolution
		HideSolutionNode = FALSE
	EndGlobalSection
	GlobalSection(MonoDevelopProperties) = preSolution
		StartupItem = Assembly-CSharp.csproj
	EndGlobalSection
EndGlobal
